// !$*UTF8*$!
{
	archiveVersion = 1;
	classes = {
	};
	objectVersion = 77;
	objects = {

/* Begin PBXContainerItemProxy section */
		C946AFF42D44C21200C836B3 /* PBXContainerItemProxy */ = {
			isa = PBXContainerItemProxy;
			containerPortal = C946AFD72D44C21100C836B3 /* Project object */;
			proxyType = 1;
			remoteGlobalIDString = C946AFDE2D44C21100C836B3;
			remoteInfo = Snake2;
		};
		C946AFFE2D44C21200C836B3 /* PBXContainerItemProxy */ = {
			isa = PBXContainerItemProxy;
			containerPortal = C946AFD72D44C21100C836B3 /* Project object */;
			proxyType = 1;
			remoteGlobalIDString = C946AFDE2D44C21100C836B3;
			remoteInfo = Snake2;
		};
/* End PBXContainerItemProxy section */

/* Begin PBXFileReference section */
		C946AFDF2D44C21100C836B3 /* Snake2.app */ = {isa = PBXFileReference; explicitFileType = wrapper.application; includeInIndex = 0; path = Snake2.app; sourceTree = BUILT_PRODUCTS_DIR; };
		C946AFF32D44C21200C836B3 /* Snake2Tests.xctest */ = {isa = PBXFileReference; explicitFileType = wrapper.cfbundle; includeInIndex = 0; path = Snake2Tests.xctest; sourceTree = BUILT_PRODUCTS_DIR; };
		C946AFFD2D44C21200C836B3 /* Snake2UITests.xctest */ = {isa = PBXFileReference; explicitFileType = wrapper.cfbundle; includeInIndex = 0; path = Snake2UITests.xctest; sourceTree = BUILT_PRODUCTS_DIR; };
/* End PBXFileReference section */

/* Begin PBXFileSystemSynchronizedBuildFileExceptionSet section */
		C946B0052D44C21200C836B3 /* Exceptions for "Snake2" folder in "Snake2" target */ = {
			isa = PBXFileSystemSynchronizedBuildFileExceptionSet;
			membershipExceptions = (
				Info.plist,
			);
			target = C946AFDE2D44C21100C836B3 /* Snake2 */;
		};
/* End PBXFileSystemSynchronizedBuildFileExceptionSet section */

/* Begin PBXFileSystemSynchronizedRootGroup section */
		C946AFE12D44C21100C836B3 /* Snake2 */ = {
			isa = PBXFileSystemSynchronizedRootGroup;
			exceptions = (
				C946B0052D44C21200C836B3 /* Exceptions for "Snake2" folder in "Snake2" target */,
			);
			path = Snake2;
			sourceTree = "<group>";
		};
		C946AFF62D44C21200C836B3 /* Snake2Tests */ = {
			isa = PBXFileSystemSynchronizedRootGroup;
			path = Snake2Tests;
			sourceTree = "<group>";
		};
		C946B0002D44C21200C836B3 /* Snake2UITests */ = {
			isa = PBXFileSystemSynchronizedRootGroup;
			path = Snake2UITests;
			sourceTree = "<group>";
		};
/* End PBXFileSystemSynchronizedRootGroup section */

/* Begin PBXFrameworksBuildPhase section */
		C946AFDC2D44C21100C836B3 /* Frameworks */ = {
			isa = PBXFrameworksBuildPhase;
			buildActionMask = 2147483647;
			files = (
			);
			runOnlyForDeploymentPostprocessing = 0;
		};
		C946AFF02D44C21200C836B3 /* Frameworks */ = {
			isa = PBXFrameworksBuildPhase;
			buildActionMask = 2147483647;
			files = (
			);
			runOnlyForDeploymentPostprocessing = 0;
		};
		C946AFFA2D44C21200C836B3 /* Frameworks */ = {
			isa = PBXFrameworksBuildPhase;
			buildActionMask = 2147483647;
			files = (
			);
			runOnlyForDeploymentPostprocessing = 0;
		};
/* End PBXFrameworksBuildPhase section */

/* Begin PBXGroup section */
		C946AFD62D44C21100C836B3 = {
			isa = PBXGroup;
			children = (
				C946AFE12D44C21100C836B3 /* Snake2 */,
				C946AFF62D44C21200C836B3 /* Snake2Tests */,
				C946B0002D44C21200C836B3 /* Snake2UITests */,
				C946AFE02D44C21100C836B3 /* Products */,
			);
			sourceTree = "<group>";
		};
		C946AFE02D44C21100C836B3 /* Products */ = {
			isa = PBXGroup;
			children = (
				C946AFDF2D44C21100C836B3 /* Snake2.app */,
				C946AFF32D44C21200C836B3 /* Snake2Tests.xctest */,
				C946AFFD2D44C21200C836B3 /* Snake2UITests.xctest */,
			);
			name = Products;
			sourceTree = "<group>";
		};
/* End PBXGroup section */

/* Begin PBXNativeTarget section */
		C946AFDE2D44C21100C836B3 /* Snake2 */ = {
			isa = PBXNativeTarget;
			buildConfigurationList = C946B0062D44C21200C836B3 /* Build configuration list for PBXNativeTarget "Snake2" */;
			buildPhases = (
				C946AFDB2D44C21100C836B3 /* Sources */,
				C946AFDC2D44C21100C836B3 /* Frameworks */,
				C946AFDD2D44C21100C836B3 /* Resources */,
			);
			buildRules = (
			);
			dependencies = (
			);
			fileSystemSynchronizedGroups = (
				C946AFE12D44C21100C836B3 /* Snake2 */,
			);
			name = Snake2;
			packageProductDependencies = (
			);
			productName = Snake2;
			productReference = C946AFDF2D44C21100C836B3 /* Snake2.app */;
			productType = "com.apple.product-type.application";
		};
		C946AFF22D44C21200C836B3 /* Snake2Tests */ = {
			isa = PBXNativeTarget;
			buildConfigurationList = C946B00B2D44C21200C836B3 /* Build configuration list for PBXNativeTarget "Snake2Tests" */;
			buildPhases = (
				C946AFEF2D44C21200C836B3 /* Sources */,
				C946AFF02D44C21200C836B3 /* Frameworks */,
				C946AFF12D44C21200C836B3 /* Resources */,
			);
			buildRules = (
			);
			dependencies = (
				C946AFF52D44C21200C836B3 /* PBXTargetDependency */,
			);
			fileSystemSynchronizedGroups = (
				C946AFF62D44C21200C836B3 /* Snake2Tests */,
			);
			name = Snake2Tests;
			packageProductDependencies = (
			);
			productName = Snake2Tests;
			productReference = C946AFF32D44C21200C836B3 /* Snake2Tests.xctest */;
			productType = "com.apple.product-type.bundle.unit-test";
		};
		C946AFFC2D44C21200C836B3 /* Snake2UITests */ = {
			isa = PBXNativeTarget;
			buildConfigurationList = C946B00E2D44C21200C836B3 /* Build configuration list for PBXNativeTarget "Snake2UITests" */;
			buildPhases = (
				C946AFF92D44C21200C836B3 /* Sources */,
				C946AFFA2D44C21200C836B3 /* Frameworks */,
				C946AFFB2D44C21200C836B3 /* Resources */,
			);
			buildRules = (
			);
			dependencies = (
				C946AFFF2D44C21200C836B3 /* PBXTargetDependency */,
			);
			fileSystemSynchronizedGroups = (
				C946B0002D44C21200C836B3 /* Snake2UITests */,
			);
			name = Snake2UITests;
			packageProductDependencies = (
			);
			productName = Snake2UITests;
			productReference = C946AFFD2D44C21200C836B3 /* Snake2UITests.xctest */;
			productType = "com.apple.product-type.bundle.ui-testing";
		};
/* End PBXNativeTarget section */

/* Begin PBXProject section */
		C946AFD72D44C21100C836B3 /* Project object */ = {
			isa = PBXProject;
			attributes = {
				BuildIndependentTargetsInParallel = 1;
				LastSwiftUpdateCheck = 1620;
				LastUpgradeCheck = 1620;
				TargetAttributes = {
					C946AFDE2D44C21100C836B3 = {
						CreatedOnToolsVersion = 16.2;
					};
					C946AFF22D44C21200C836B3 = {
						CreatedOnToolsVersion = 16.2;
						TestTargetID = C946AFDE2D44C21100C836B3;
					};
					C946AFFC2D44C21200C836B3 = {
						CreatedOnToolsVersion = 16.2;
						TestTargetID = C946AFDE2D44C21100C836B3;
					};
				};
			};
			buildConfigurationList = C946AFDA2D44C21100C836B3 /* Build configuration list for PBXProject "Snake2" */;
			developmentRegion = en;
			hasScannedForEncodings = 0;
			knownRegions = (
				en,
				Base,
			);
			mainGroup = C946AFD62D44C21100C836B3;
			minimizedProjectReferenceProxies = 1;
			preferredProjectObjectVersion = 77;
			productRefGroup = C946AFE02D44C21100C836B3 /* Products */;
			projectDirPath = "";
			projectRoot = "";
			targets = (
				C946AFDE2D44C21100C836B3 /* Snake2 */,
				C946AFF22D44C21200C836B3 /* Snake2Tests */,
				C946AFFC2D44C21200C836B3 /* Snake2UITests */,
			);
		};
/* End PBXProject section */

/* Begin PBXResourcesBuildPhase section */
		C946AFDD2D44C21100C836B3 /* Resources */ = {
			isa = PBXResourcesBuildPhase;
			buildActionMask = 2147483647;
			files = (
			);
			runOnlyForDeploymentPostprocessing = 0;
		};
		C946AFF12D44C21200C836B3 /* Resources */ = {
			isa = PBXResourcesBuildPhase;
			buildActionMask = 2147483647;
			files = (
			);
			runOnlyForDeploymentPostprocessing = 0;
		};
		C946AFFB2D44C21200C836B3 /* Resources */ = {
			isa = PBXResourcesBuildPhase;
			buildActionMask = 2147483647;
			files = (
			);
			runOnlyForDeploymentPostprocessing = 0;
		};
/* End PBXResourcesBuildPhase section */

/* Begin PBXSourcesBuildPhase section */
		C946AFDB2D44C21100C836B3 /* Sources */ = {
			isa = PBXSourcesBuildPhase;
			buildActionMask = 2147483647;
			files = (
			);
			runOnlyForDeploymentPostprocessing = 0;
		};
		C946AFEF2D44C21200C836B3 /* Sources */ = {
			isa = PBXSourcesBuildPhase;
			buildActionMask = 2147483647;
			files = (
			);
			runOnlyForDeploymentPostprocessing = 0;
		};
		C946AFF92D44C21200C836B3 /* Sources */ = {
			isa = PBXSourcesBuildPhase;
			buildActionMask = 2147483647;
			files = (
			);
			runOnlyForDeploymentPostprocessing = 0;
		};
/* End PBXSourcesBuildPhase section */

/* Begin PBXTargetDependency section */
		C946AFF52D44C21200C836B3 /* PBXTargetDependency */ = {
			isa = PBXTargetDependency;
			target = C946AFDE2D44C21100C836B3 /* Snake2 */;
			targetProxy = C946AFF42D44C21200C836B3 /* PBXContainerItemProxy */;
		};
		C946AFFF2D44C21200C836B3 /* PBXTargetDependency */ = {
			isa = PBXTargetDependency;
			target = C946AFDE2D44C21100C836B3 /* Snake2 */;
			targetProxy = C946AFFE2D44C21200C836B3 /* PBXContainerItemProxy */;
		};
/* End PBXTargetDependency section */

/* Begin XCBuildConfiguration section */
		C946B0072D44C21200C836B3 /* Debug */ = {
			isa = XCBuildConfiguration;
			buildSettings = {
				ASSETCATALOG_COMPILER_APPICON_NAME = AppIcon;
				ASSETCATALOG_COMPILER_GLOBAL_ACCENT_COLOR_NAME = AccentColor;
				CODE_SIGN_ENTITLEMENTS = Snake2/Snake2.entitlements;
				CODE_SIGN_STYLE = Automatic;
				CURRENT_PROJECT_VERSION = 1;
				DEVELOPMENT_ASSET_PATHS = "\"Snake2/Preview Content\"";
				DEVELOPMENT_TEAM = JH3ZC8234Q;
				ENABLE_PREVIEWS = YES;
				GENERATE_INFOPLIST_FILE = YES;
				INFOPLIST_FILE = Snake2/Info.plist;
				INFOPLIST_KEY_UIApplicationSceneManifest_Generation = YES;
				INFOPLIST_KEY_UIApplicationSupportsIndirectInputEvents = YES;
				INFOPLIST_KEY_UILaunchScreen_Generation = YES;
				INFOPLIST_KEY_UISupportedInterfaceOrientations_iPad = "UIInterfaceOrientationPortrait UIInterfaceOrientationPortraitUpsideDown UIInterfaceOrientationLandscapeLeft UIInterfaceOrientationLandscapeRight";
				INFOPLIST_KEY_UISupportedInterfaceOrientations_iPhone = "UIInterfaceOrientationPortrait UIInterfaceOrientationLandscapeLeft UIInterfaceOrientationLandscapeRight";
				LD_RUNPATH_SEARCH_PATHS = (
					"$(inherited)",
					"@executable_path/Frameworks",
				);
				MARKETING_VERSION = 1.0;
				PRODUCT_BUNDLE_IDENTIFIER = com.fogusbogus.Snake2;
				PRODUCT_NAME = "$(TARGET_NAME)";
				SWIFT_EMIT_LOC_STRINGS = YES;
				SWIFT_VERSION = 5.0;
				TARGETED_DEVICE_FAMILY = "1,2";
			};
			name = Debug;
		};
		C946B0082D44C21200C836B3 /* Release */ = {
			isa = XCBuildConfiguration;
			buildSettings = {
				ASSETCATALOG_COMPILER_APPICON_NAME = AppIcon;
				ASSETCATALOG_COMPILER_GLOBAL_ACCENT_COLOR_NAME = AccentColor;
				CODE_SIGN_ENTITLEMENTS = Snake2/Snake2.entitlements;
				CODE_SIGN_STYLE = Automatic;
				CURRENT_PROJECT_VERSION = 1;
				DEVELOPMENT_ASSET_PATHS = "\"Snake2/Preview Content\"";
				DEVELOPMENT_TEAM = JH3ZC8234Q;
				ENABLE_PREVIEWS = YES;
				GENERATE_INFOPLIST_FILE = YES;
				INFOPLIST_FILE = Snake2/Info.plist;
				INFOPLIST_KEY_UIApplicationSceneManifest_Generation = YES;
				INFOPLIST_KEY_UIApplicationSupportsIndirectInputEvents = YES;
				INFOPLIST_KEY_UILaunchScreen_Generation = YES;
				INFOPLIST_KEY_UISupportedInterfaceOrientations_iPad = "UIInterfaceOrientationPortrait UIInterfaceOrientationPortraitUpsideDown UIInterfaceOrientationLandscapeLeft UIInterfaceOrientationLandscapeRight";
				INFOPLIST_KEY_UISupportedInterfaceOrientations_iPhone = "UIInterfaceOrientationPortrait UIInterfaceOrientationLandscapeLeft UIInterfaceOrientationLandscapeRight";
				LD_RUNPATH_SEARCH_PATHS = (
					"$(inherited)",
					"@executable_path/Frameworks",
				);
				MARKETING_VERSION = 1.0;
				PRODUCT_BUNDLE_IDENTIFIER = com.fogusbogus.Snake2;
				PRODUCT_NAME = "$(TARGET_NAME)";
				SWIFT_EMIT_LOC_STRINGS = YES;
				SWIFT_VERSION = 5.0;
				TARGETED_DEVICE_FAMILY = "1,2";
			};
			name = Release;
		};
		C946B0092D44C21200C836B3 /* Debug */ = {
			isa = XCBuildConfiguration;
			buildSettings = {
				ALWAYS_SEARCH_USER_PATHS = NO;
				ASSETCATALOG_COMPILER_GENERATE_SWIFT_ASSET_SYMBOL_EXTENSIONS = YES;
				CLANG_ANALYZER_NONNULL = YES;
				CLANG_ANALYZER_NUMBER_OBJECT_CONVERSION = YES_AGGRESSIVE;
				CLANG_CXX_LANGUAGE_STANDARD = "gnu++20";
				CLANG_ENABLE_MODULES = YES;
				CLANG_ENABLE_OBJC_ARC = YES;
				CLANG_ENABLE_OBJC_WEAK = YES;
				CLANG_WARN_BLOCK_CAPTURE_AUTORELEASING = YES;
				CLANG_WARN_BOOL_CONVERSION = YES;
				CLANG_WARN_COMMA = YES;
				CLANG_WARN_CONSTANT_CONVERSION = YES;
				CLANG_WARN_DEPRECATED_OBJC_IMPLEMENTATIONS = YES;
				CLANG_WARN_DIRECT_OBJC_ISA_USAGE = YES_ERROR;
				CLANG_WARN_DOCUMENTATION_COMMENTS = YES;
				CLANG_WARN_EMPTY_BODY = YES;
				CLANG_WARN_ENUM_CONVERSION = YES;
				CLANG_WARN_INFINITE_RECURSION = YES;
				CLANG_WARN_INT_CONVERSION = YES;
				CLANG_WARN_NON_LITERAL_NULL_CONVERSION = YES;
				CLANG_WARN_OBJC_IMPLICIT_RETAIN_SELF = YES;
				CLANG_WARN_OBJC_LITERAL_CONVERSION = YES;
				CLANG_WARN_OBJC_ROOT_CLASS = YES_ERROR;
				CLANG_WARN_QUOTED_INCLUDE_IN_FRAMEWORK_HEADER = YES;
				CLANG_WARN_RANGE_LOOP_ANALYSIS = YES;
				CLANG_WARN_STRICT_PROTOTYPES = YES;
				CLANG_WARN_SUSPICIOUS_MOVE = YES;
				CLANG_WARN_UNGUARDED_AVAILABILITY = YES_AGGRESSIVE;
				CLANG_WARN_UNREACHABLE_CODE = YES;
				CLANG_WARN__DUPLICATE_METHOD_MATCH = YES;
				COPY_PHASE_STRIP = NO;
				DEBUG_INFORMATION_FORMAT = dwarf;
				ENABLE_STRICT_OBJC_MSGSEND = YES;
				ENABLE_TESTABILITY = YES;
				ENABLE_USER_SCRIPT_SANDBOXING = YES;
				GCC_C_LANGUAGE_STANDARD = gnu17;
				GCC_DYNAMIC_NO_PIC = NO;
				GCC_NO_COMMON_BLOCKS = YES;
				GCC_OPTIMIZATION_LEVEL = 0;
				GCC_PREPROCESSOR_DEFINITIONS = (
					"DEBUG=1",
					"$(inherited)",
				);
				GCC_WARN_64_TO_32_BIT_CONVERSION = YES;
				GCC_WARN_ABOUT_RETURN_TYPE = YES_ERROR;
				GCC_WARN_UNDECLARED_SELECTOR = YES;
				GCC_WARN_UNINITIALIZED_AUTOS = YES_AGGRESSIVE;
				GCC_WARN_UNUSED_FUNCTION = YES;
				GCC_WARN_UNUSED_VARIABLE = YES;
				IPHONEOS_DEPLOYMENT_TARGET = 18.2;
				LOCALIZATION_PREFERS_STRING_CATALOGS = YES;
				MTL_ENABLE_DEBUG_INFO = INCLUDE_SOURCE;
				MTL_FAST_MATH = YES;
				ONLY_ACTIVE_ARCH = YES;
				SDKROOT = iphoneos;
				SWIFT_ACTIVE_COMPILATION_CONDITIONS = "DEBUG $(inherited)";
				SWIFT_OPTIMIZATION_LEVEL = "-Onone";
			};
			name = Debug;
		};
		C946B00A2D44C21200C836B3 /* Release */ = {
			isa = XCBuildConfiguration;
			buildSettings = {
				ALWAYS_SEARCH_USER_PATHS = NO;
				ASSETCATALOG_COMPILER_GENERATE_SWIFT_ASSET_SYMBOL_EXTENSIONS = YES;
				CLANG_ANALYZER_NONNULL = YES;
				CLANG_ANALYZER_NUMBER_OBJECT_CONVERSION = YES_AGGRESSIVE;
				CLANG_CXX_LANGUAGE_STANDARD = "gnu++20";
				CLANG_ENABLE_MODULES = YES;
				CLANG_ENABLE_OBJC_ARC = YES;
				CLANG_ENABLE_OBJC_WEAK = YES;
				CLANG_WARN_BLOCK_CAPTURE_AUTORELEASING = YES;
				CLANG_WARN_BOOL_CONVERSION = YES;
				CLANG_WARN_COMMA = YES;
				CLANG_WARN_CONSTANT_CONVERSION = YES;
				CLANG_WARN_DEPRECATED_OBJC_IMPLEMENTATIONS = YES;
				CLANG_WARN_DIRECT_OBJC_ISA_USAGE = YES_ERROR;
				CLANG_WARN_DOCUMENTATION_COMMENTS = YES;
				CLANG_WARN_EMPTY_BODY = YES;
				CLANG_WARN_ENUM_CONVERSION = YES;
				CLANG_WARN_INFINITE_RECURSION = YES;
				CLANG_WARN_INT_CONVERSION = YES;
				CLANG_WARN_NON_LITERAL_NULL_CONVERSION = YES;
				CLANG_WARN_OBJC_IMPLICIT_RETAIN_SELF = YES;
				CLANG_WARN_OBJC_LITERAL_CONVERSION = YES;
				CLANG_WARN_OBJC_ROOT_CLASS = YES_ERROR;
				CLANG_WARN_QUOTED_INCLUDE_IN_FRAMEWORK_HEADER = YES;
				CLANG_WARN_RANGE_LOOP_ANALYSIS = YES;
				CLANG_WARN_STRICT_PROTOTYPES = YES;
				CLANG_WARN_SUSPICIOUS_MOVE = YES;
				CLANG_WARN_UNGUARDED_AVAILABILITY = YES_AGGRESSIVE;
				CLANG_WARN_UNREACHABLE_CODE = YES;
				CLANG_WARN__DUPLICATE_METHOD_MATCH = YES;
				COPY_PHASE_STRIP = NO;
				DEBUG_INFORMATION_FORMAT = "dwarf-with-dsym";
				ENABLE_NS_ASSERTIONS = NO;
				ENABLE_STRICT_OBJC_MSGSEND = YES;
				ENABLE_USER_SCRIPT_SANDBOXING = YES;
				GCC_C_LANGUAGE_STANDARD = gnu17;
				GCC_NO_COMMON_BLOCKS = YES;
				GCC_WARN_64_TO_32_BIT_CONVERSION = YES;
				GCC_WARN_ABOUT_RETURN_TYPE = YES_ERROR;
				GCC_WARN_UNDECLARED_SELECTOR = YES;
				GCC_WARN_UNINITIALIZED_AUTOS = YES_AGGRESSIVE;
				GCC_WARN_UNUSED_FUNCTION = YES;
				GCC_WARN_UNUSED_VARIABLE = YES;
				IPHONEOS_DEPLOYMENT_TARGET = 18.2;
				LOCALIZATION_PREFERS_STRING_CATALOGS = YES;
				MTL_ENABLE_DEBUG_INFO = NO;
				MTL_FAST_MATH = YES;
				SDKROOT = iphoneos;
				SWIFT_COMPILATION_MODE = wholemodule;
				VALIDATE_PRODUCT = YES;
			};
			name = Release;
		};
		C946B00C2D44C21200C836B3 /* Debug */ = {
			isa = XCBuildConfiguration;
			buildSettings = {
				BUNDLE_LOADER = "$(TEST_HOST)";
				CODE_SIGN_STYLE = Automatic;
				CURRENT_PROJECT_VERSION = 1;
				DEVELOPMENT_TEAM = JH3ZC8234Q;
				GENERATE_INFOPLIST_FILE = YES;
				IPHONEOS_DEPLOYMENT_TARGET = 18.2;
				MARKETING_VERSION = 1.0;
				PRODUCT_BUNDLE_IDENTIFIER = com.fogusbogus.Snake2Tests;
				PRODUCT_NAME = "$(TARGET_NAME)";
				SWIFT_EMIT_LOC_STRINGS = NO;
				SWIFT_VERSION = 5.0;
				TARGETED_DEVICE_FAMILY = "1,2";
				TEST_HOST = "$(BUILT_PRODUCTS_DIR)/Snake2.app/$(BUNDLE_EXECUTABLE_FOLDER_PATH)/Snake2";
			};
			name = Debug;
		};
		C946B00D2D44C21200C836B3 /* Release */ = {
			isa = XCBuildConfiguration;
			buildSettings = {
				BUNDLE_LOADER = "$(TEST_HOST)";
				CODE_SIGN_STYLE = Automatic;
				CURRENT_PROJECT_VERSION = 1;
				DEVELOPMENT_TEAM = JH3ZC8234Q;
				GENERATE_INFOPLIST_FILE = YES;
				IPHONEOS_DEPLOYMENT_TARGET = 18.2;
				MARKETING_VERSION = 1.0;
				PRODUCT_BUNDLE_IDENTIFIER = com.fogusbogus.Snake2Tests;
				PRODUCT_NAME = "$(TARGET_NAME)";
				SWIFT_EMIT_LOC_STRINGS = NO;
				SWIFT_VERSION = 5.0;
				TARGETED_DEVICE_FAMILY = "1,2";
				TEST_HOST = "$(BUILT_PRODUCTS_DIR)/Snake2.app/$(BUNDLE_EXECUTABLE_FOLDER_PATH)/Snake2";
			};
			name = Release;
		};
		C946B00F2D44C21200C836B3 /* Debug */ = {
			isa = XCBuildConfiguration;
			buildSettings = {
				CODE_SIGN_STYLE = Automatic;
				CURRENT_PROJECT_VERSION = 1;
				DEVELOPMENT_TEAM = JH3ZC8234Q;
				GENERATE_INFOPLIST_FILE = YES;
				MARKETING_VERSION = 1.0;
				PRODUCT_BUNDLE_IDENTIFIER = com.fogusbogus.Snake2UITests;
				PRODUCT_NAME = "$(TARGET_NAME)";
				SWIFT_EMIT_LOC_STRINGS = NO;
				SWIFT_VERSION = 5.0;
				TARGETED_DEVICE_FAMILY = "1,2";
				TEST_TARGET_NAME = Snake2;
			};
			name = Debug;
		};
		C946B0102D44C21200C836B3 /* Release */ = {
			isa = XCBuildConfiguration;
			buildSettings = {
				CODE_SIGN_STYLE = Automatic;
				CURRENT_PROJECT_VERSION = 1;
				DEVELOPMENT_TEAM = JH3ZC8234Q;
				GENERATE_INFOPLIST_FILE = YES;
				MARKETING_VERSION = 1.0;
				PRODUCT_BUNDLE_IDENTIFIER = com.fogusbogus.Snake2UITests;
				PRODUCT_NAME = "$(TARGET_NAME)";
				SWIFT_EMIT_LOC_STRINGS = NO;
				SWIFT_VERSION = 5.0;
				TARGETED_DEVICE_FAMILY = "1,2";
				TEST_TARGET_NAME = Snake2;
			};
			name = Release;
		};
/* End XCBuildConfiguration section */

/* Begin XCConfigurationList section */
		C946AFDA2D44C21100C836B3 /* Build configuration list for PBXProject "Snake2" */ = {
			isa = XCConfigurationList;
			buildConfigurations = (
				C946B0092D44C21200C836B3 /* Debug */,
				C946B00A2D44C21200C836B3 /* Release */,
			);
			defaultConfigurationIsVisible = 0;
			defaultConfigurationName = Release;
		};
		C946B0062D44C21200C836B3 /* Build configuration list for PBXNativeTarget "Snake2" */ = {
			isa = XCConfigurationList;
			buildConfigurations = (
				C946B0072D44C21200C836B3 /* Debug */,
				C946B0082D44C21200C836B3 /* Release */,
			);
			defaultConfigurationIsVisible = 0;
			defaultConfigurationName = Release;
		};
		C946B00B2D44C21200C836B3 /* Build configuration list for PBXNativeTarget "Snake2Tests" */ = {
			isa = XCConfigurationList;
			buildConfigurations = (
				C946B00C2D44C21200C836B3 /* Debug */,
				C946B00D2D44C21200C836B3 /* Release */,
			);
			defaultConfigurationIsVisible = 0;
			defaultConfigurationName = Release;
		};
		C946B00E2D44C21200C836B3 /* Build configuration list for PBXNativeTarget "Snake2UITests" */ = {
			isa = XCConfigurationList;
			buildConfigurations = (
				C946B00F2D44C21200C836B3 /* Debug */,
				C946B0102D44C21200C836B3 /* Release */,
			);
			defaultConfigurationIsVisible = 0;
			defaultConfigurationName = Release;
		};
/* End XCConfigurationList section */
	};
	rootObject = C946AFD72D44C21100C836B3 /* Project object */;
}
